
Microsoft Visual Studio Solution File, Format Version 12.00
# Visual Studio Version 16
VisualStudioVersion = 16.0.30002.166
MinimumVisualStudioVersion = 10.0.40219.1
Project("{FAE04EC0-301F-11D3-BF4B-00C04F79EFBC}") = "AwesomeApp.Android", "AwesomeApp\AwesomeApp.Android\AwesomeApp.Android.csproj", "{AF4EDFA6-3A8D-454E-8A9D-A43FC4479703}"
EndProject
Project("{FAE04EC0-301F-11D3-BF4B-00C04F79EFBC}") = "AwesomeApp.iOS", "AwesomeApp\AwesomeApp.iOS\AwesomeApp.iOS.csproj", "{E52781AE-1AEA-4719-BDE8-2A8E27C61BC5}"
EndProject
Project("{FAE04EC0-301F-11D3-BF4B-00C04F79EFBC}") = "AwesomeApp", "AwesomeApp\AwesomeApp\AwesomeApp.csproj", "{1179590D-20B9-463B-B911-54E59746379F}"
EndProject
Global
	GlobalSection(SolutionConfigurationPlatforms) = preSolution
		Debug|Any CPU = Debug|Any CPU
		Debug|iPhone = Debug|iPhone
		Debug|iPhoneSimulator = Debug|iPhoneSimulator
		Release|Any CPU = Release|Any CPU
		Release|iPhone = Release|iPhone
		Release|iPhoneSimulator = Release|iPhoneSimulator
	EndGlobalSection
	GlobalSection(ProjectConfigurationPlatforms) = postSolution
		{AF4EDFA6-3A8D-454E-8A9D-A43FC4479703}.Debug|Any CPU.ActiveCfg = Debug|Any CPU
		{AF4EDFA6-3A8D-454E-8A9D-A43FC4479703}.Debug|Any CPU.Build.0 = Debug|Any CPU
		{AF4EDFA6-3A8D-454E-8A9D-A43FC4479703}.Debug|Any CPU.Deploy.0 = Debug|Any CPU
		{AF4EDFA6-3A8D-454E-8A9D-A43FC4479703}.Debug|iPhone.ActiveCfg = Debug|Any CPU
		{AF4EDFA6-3A8D-454E-8A9D-A43FC4479703}.Debug|iPhone.Build.0 = Debug|Any CPU
		{AF4EDFA6-3A8D-454E-8A9D-A43FC4479703}.Debug|iPhone.Deploy.0 = Debug|Any CPU
		{AF4EDFA6-3A8D-454E-8A9D-A43FC4479703}.Debug|iPhoneSimulator.ActiveCfg = Debug|Any CPU
		{AF4EDFA6-3A8D-454E-8A9D-A43FC4479703}.Debug|iPhoneSimulator.Build.0 = Debug|Any CPU
		{AF4EDFA6-3A8D-454E-8A9D-A43FC4479703}.Debug|iPhoneSimulator.Deploy.0 = Debug|Any CPU
		{AF4EDFA6-3A8D-454E-8A9D-A43FC4479703}.Release|Any CPU.ActiveCfg = Release|Any CPU
		{AF4EDFA6-3A8D-454E-8A9D-A43FC4479703}.Release|Any CPU.Build.0 = Release|Any CPU
		{AF4EDFA6-3A8D-454E-8A9D-A43FC4479703}.Release|Any CPU.Deploy.0 = Release|Any CPU
		{AF4EDFA6-3A8D-454E-8A9D-A43FC4479703}.Release|iPhone.ActiveCfg = Release|Any CPU
		{AF4EDFA6-3A8D-454E-8A9D-A43FC4479703}.Release|iPhone.Build.0 = Release|Any CPU
		{AF4EDFA6-3A8D-454E-8A9D-A43FC4479703}.Release|iPhone.Deploy.0 = Release|Any CPU
		{AF4EDFA6-3A8D-454E-8A9D-A43FC4479703}.Release|iPhoneSimulator.ActiveCfg = Release|Any CPU
		{AF4EDFA6-3A8D-454E-8A9D-A43FC4479703}.Release|iPhoneSimulator.Build.0 = Release|Any CPU
		{AF4EDFA6-3A8D-454E-8A9D-A43FC4479703}.Release|iPhoneSimulator.Deploy.0 = Release|Any CPU
		{E52781AE-1AEA-4719-BDE8-2A8E27C61BC5}.Debug|Any CPU.ActiveCfg = Debug|iPhone
		{E52781AE-1AEA-4719-BDE8-2A8E27C61BC5}.Debug|Any CPU.Build.0 = Debug|iPhone
		{E52781AE-1AEA-4719-BDE8-2A8E27C61BC5}.Debug|Any CPU.Deploy.0 = Debug|iPhone
		{E52781AE-1AEA-4719-BDE8-2A8E27C61BC5}.Debug|iPhone.ActiveCfg = Debug|iPhone
		{E52781AE-1AEA-4719-BDE8-2A8E27C61BC5}.Debug|iPhone.Build.0 = Debug|iPhone
		{E52781AE-1AEA-4719-BDE8-2A8E27C61BC5}.Debug|iPhone.Deploy.0 = Debug|iPhone
		{E52781AE-1AEA-4719-BDE8-2A8E27C61BC5}.Debug|iPhoneSimulator.ActiveCfg = Debug|iPhoneSimulator
		{E52781AE-1AEA-4719-BDE8-2A8E27C61BC5}.Debug|iPhoneSimulator.Build.0 = Debug|iPhoneSimulator
		{E52781AE-1AEA-4719-BDE8-2A8E27C61BC5}.Debug|iPhoneSimulator.Deploy.0 = Debug|iPhoneSimulator
		{E52781AE-1AEA-4719-BDE8-2A8E27C61BC5}.Release|Any CPU.ActiveCfg = Release|iPhone
		{E52781AE-1AEA-4719-BDE8-2A8E27C61BC5}.Release|Any CPU.Build.0 = Release|iPhone
		{E52781AE-1AEA-4719-BDE8-2A8E27C61BC5}.Release|Any CPU.Deploy.0 = Release|iPhone
		{E52781AE-1AEA-4719-BDE8-2A8E27C61BC5}.Release|iPhone.ActiveCfg = Release|iPhone
		{E52781AE-1AEA-4719-BDE8-2A8E27C61BC5}.Release|iPhone.Build.0 = Release|iPhone
		{E52781AE-1AEA-4719-BDE8-2A8E27C61BC5}.Release|iPhone.Deploy.0 = Release|iPhone
		{E52781AE-1AEA-4719-BDE8-2A8E27C61BC5}.Release|iPhoneSimulator.ActiveCfg = Release|iPhoneSimulator
		{E52781AE-1AEA-4719-BDE8-2A8E27C61BC5}.Release|iPhoneSimulator.Build.0 = Release|iPhoneSimulator
		{E52781AE-1AEA-4719-BDE8-2A8E27C61BC5}.Release|iPhoneSimulator.Deploy.0 = Release|iPhoneSimulator
		{1179590D-20B9-463B-B911-54E59746379F}.Debug|Any CPU.ActiveCfg = Debug|Any CPU
		{1179590D-20B9-463B-B911-54E59746379F}.Debug|Any CPU.Build.0 = Debug|Any CPU
		{1179590D-20B9-463B-B911-54E59746379F}.Debug|Any CPU.Deploy.0 = Debug|Any CPU
		{1179590D-20B9-463B-B911-54E59746379F}.Debug|iPhone.ActiveCfg = Debug|Any CPU
		{1179590D-20B9-463B-B911-54E59746379F}.Debug|iPhone.Build.0 = Debug|Any CPU
		{1179590D-20B9-463B-B911-54E59746379F}.Debug|iPhone.Deploy.0 = Debug|Any CPU
		{1179590D-20B9-463B-B911-54E59746379F}.Debug|iPhoneSimulator.ActiveCfg = Debug|Any CPU
		{1179590D-20B9-463B-B911-54E59746379F}.Debug|iPhoneSimulator.Build.0 = Debug|Any CPU
		{1179590D-20B9-463B-B911-54E59746379F}.Debug|iPhoneSimulator.Deploy.0 = Debug|Any CPU
		{1179590D-20B9-463B-B911-54E59746379F}.Release|Any CPU.ActiveCfg = Release|Any CPU
		{1179590D-20B9-463B-B911-54E59746379F}.Release|Any CPU.Build.0 = Release|Any CPU
		{1179590D-20B9-463B-B911-54E59746379F}.Release|Any CPU.Deploy.0 = Release|Any CPU
		{1179590D-20B9-463B-B911-54E59746379F}.Release|iPhone.ActiveCfg = Release|Any CPU
		{1179590D-20B9-463B-B911-54E59746379F}.Release|iPhone.Build.0 = Release|Any CPU
		{1179590D-20B9-463B-B911-54E59746379F}.Release|iPhone.Deploy.0 = Release|Any CPU
		{1179590D-20B9-463B-B911-54E59746379F}.Release|iPhoneSimulator.ActiveCfg = Release|Any CPU
		{1179590D-20B9-463B-B911-54E59746379F}.Release|iPhoneSimulator.Build.0 = Release|Any CPU
		{1179590D-20B9-463B-B911-54E59746379F}.Release|iPhoneSimulator.Deploy.0 = Release|Any CPU
	EndGlobalSection
	GlobalSection(SolutionProperties) = preSolution
		HideSolutionNode = FALSE
	EndGlobalSection
	GlobalSection(ExtensibilityGlobals) = postSolution
		SolutionGuid = {0A60B3D5-A634-44E6-8DF6-4F283AA7E947}
	EndGlobalSection
EndGlobal
